
Microsoft Visual Studio Solution File, Format Version 12.00
# Visual Studio Version 16
VisualStudioVersion = 16.0.30907.101
MinimumVisualStudioVersion = 10.0.40219.1
Project("{FAE04EC0-301F-11D3-BF4B-00C04F79EFBC}") = "ModManager", "ModManager\ModManager.csproj", "{ACEDB3ED-DC2D-421E-9337-569779E0A444}"
EndProject
Global
	GlobalSection(SolutionConfigurationPlatforms) = preSolution
		Debug|Any CPU = Debug|Any CPU
		Release|Any CPU = Release|Any CPU
	EndGlobalSection
	GlobalSection(ProjectConfigurationPlatforms) = postSolution
		{ACEDB3ED-DC2D-421E-9337-569779E0A444}.Debug|Any CPU.ActiveCfg = Debug|Any CPU
		{ACEDB3ED-DC2D-421E-9337-569779E0A444}.Debug|Any CPU.Build.0 = Debug|Any CPU
		{ACEDB3ED-DC2D-421E-9337-569779E0A444}.Release|Any CPU.ActiveCfg = Release|Any CPU
		{ACEDB3ED-DC2D-421E-9337-569779E0A444}.Release|Any CPU.Build.0 = Release|Any CPU
	EndGlobalSection
	GlobalSection(SolutionProperties) = preSolution
		HideSolutionNode = FALSE
	EndGlobalSection
	GlobalSection(ExtensibilityGlobals) = postSolution
		SolutionGuid = {706EDBD7-2290-4B9E-9BCB-B29F94DD10B9}
	EndGlobalSection
EndGlobal
